lockfileVersion: '9.0'

settings:
  autoInstallPeers: true
  excludeLinksFromLockfile: false

importers:

  .:
    dependencies:
      chalk:
        specifier: ^6.0.0
        version: 6.0.0
      cli-progress:
        specifier: ^3.12.0
        version: 3.12.0
      execa:
        specifier: ^10.0.1
        version: 10.0.1
      fuzzy:
        specifier: ^0.1.3
        version: 0.1.3
      inquirer:
        specifier: ^14.1.0
        version: 14.1.0

packages:

  '@inquirer/ansi@2.0.7':
    resolution: {integrity: sha512-3eTuUO1vH2cZm2ZKHeQxnOqlTi9EfZDGgIe3BL3I4u+rJHocr9Fz86M4fjYABPvFnQG/gGK551HqDiIcETwU6Q==}
    engines: {node: '>=23.5.0 || ^22.13.0 || ^20.17.0'}

  '@inquirer/checkbox@5.2.2':
    resolution: {integrity: sha512-Y5/bAScMy5Y+9isCx0SKbyJebMCaXXX5em0kxkj115eZNscgV9srOHrgyfS0e5xAVymIfOh9piYBKDILktsMMg==}
    engines: {node: '>=23.5.0 || ^22.13.0 || ^20.17.0'}
    peerDependencies:
      '@types/node': '>=18'
    peerDependenciesMeta:
      '@types/node':
        optional: true

  '@inquirer/confirm@6.2.0':
    resolution: {integrity: sha512-SKXarWrYhtpqOEctf9XGCGy29QjsvJAM0Aq9ZR9z4Ns94OmpqudOly+aSEfNqUf9SwsQaUgY9+Z8hyzG0xX8fw==}
    engines: {node: '>=23.5.0 || ^22.13.0 || ^20.17.0'}
    peerDependencies:
      '@types/node': '>=18'
    peerDependenciesMeta:
      '@types/node':
        optional: true

  '@inquirer/core@12.0.0':
    resolution: {integrity: sha512-+nnvFEXIB08CZNVXpvW3B+zHW96QXvGUjNKJ8NJIPqAZi5Kd4WhYt2S3C234ReepG1qw2HOlEUbjYVHBowXObA==}
    engines: {node: '>=23.5.0 || ^22.13.0 || ^20.17.0'}
    peerDependencies:
      '@types/node': '>=18'
    peerDependenciesMeta:
      '@types/node':
        optional: true

  '@inquirer/editor@5.3.0':
    resolution: {integrity: sha512-nnsP/IdJ8s83q7ZuObmgn12QM+uLCkab9E0Oordojbn62WUg1c+v9Ou/F/057pgh0ppX0W+Hj5bO/Dp5hsxQtA==}
    engines: {node: '>=23.5.0 || ^22.13.0 || ^20.17.0'}
    peerDependencies:
      '@types/node': '>=18'
    peerDependenciesMeta:
      '@types/node':
        optional: true

  '@inquirer/expand@5.1.2':
    resolution: {integrity: sha512-OWIH1IyyWqEKIyqC9Xy+Bnga7NkGMovFdo4atYZMUOTRqf6rO2WCv9E/1MyzvOErDBCxs+9UFliRUDc50xs/jw==}
    engines: {node: '>=23.5.0 || ^22.13.0 || ^20.17.0'}
    peerDependencies:
      '@types/node': '>=18'
    peerDependenciesMeta:
      '@types/node':
        optional: true

  '@inquirer/external-editor@3.0.4':
    resolution: {integrity: sha512-tZbbaK2ovq6vlrRBNQvjrypmrED/p5x2ncIHQ79cD55tei3dD96v5glMMA+6tiq7K104i/25DVYKWVPJuV6ptA==}
    engines: {node: '>=23.5.0 || ^22.13.0 || ^20.17.0'}
    peerDependencies:
      '@types/node': '>=18'
    peerDependenciesMeta:
      '@types/node':
        optional: true

  '@inquirer/figures@2.0.8':
    resolution: {integrity: sha512-tApbon79GM9ry56ja/Ud3SY2CL4TQsao9fIwDQbgTeNY55025GdMzQ2+UdegV/lx51VNGUB59M0v0nMpybYY4Q==}
    engines: {node: '>=23.5.0 || ^22.13.0 || ^20.17.0'}

  '@inquirer/input@5.1.3':
    resolution: {integrity: sha512-F/BZHtyEzP+HO+IGVd4AjBRgvX/ywm42bx8S0+dENk2YclzE9tJ3X/15THwtT6ehApmKvdYDMsVTuyyDod0gOQ==}
    engines: {node: '>=23.5.0 || ^22.13.0 || ^20.17.0'}
    peerDependencies:
      '@types/node': '>=18'
    peerDependenciesMeta:
      '@types/node':
        optional: true

  '@inquirer/number@4.2.0':
    resolution: {integrity: sha512-ew+fSDijsQ/WhD4TV3XLb+if400cDuzTzHfGR8sTNBXkK9CYDWoGE8fhaO8GbT312pNv1AJEOsDxy/z/HVettA==}
    engines: {node: '>=23.5.0 || ^22.13.0 || ^20.17.0'}
    peerDependencies:
      '@types/node': '>=18'
    peerDependenciesMeta:
      '@types/node':
        optional: true

  '@inquirer/password@5.1.2':
    resolution: {integrity: sha512-nSdufycW8xynEVssFkNQEYIzTySilog0UlfOVRwh3pXzPSk4frXUT2jZWjHnKae6RU9PaoF9wfy1pGwewQuqGw==}
    engines: {node: '>=23.5.0 || ^22.13.0 || ^20.17.0'}
    peerDependencies:
      '@types/node': '>=18'
    peerDependenciesMeta:
      '@types/node':
        optional: true

  '@inquirer/prompts@8.6.0':
    resolution: {integrity: sha512-WgBVDRy3IQ4v9XMCpQ1YDGpso2PcMUxYJzZdH4Nt4t0eoXhEPmOCh5iZbXbR4GTbdUB9VPWBbJB12rkjbaGDCw==}
    engines: {node: '>=23.5.0 || ^22.13.0 || ^20.17.0'}
    peerDependencies:
      '@types/node': '>=18'
    peerDependenciesMeta:
      '@types/node':
        optional: true

  '@inquirer/rawlist@5.3.2':
    resolution: {integrity: sha512-oPSKrYK1X1bMkjXDzIKHUkJp195LFSfgbnVtXnjSKGFjrCbS6I+wyvfAZTwKE9BSt3HwWgfD7JfsXALBgCogzQ==}
    engines: {node: '>=23.5.0 || ^22.13.0 || ^20.17.0'}
    peerDependencies:
      '@types/node': '>=18'
    peerDependenciesMeta:
      '@types/node':
        optional: true

  '@inquirer/search@4.3.0':
    resolution: {integrity: sha512-HFxXE5w727ctSUcAwrDquftJGjMgu36OeV5SHEXMlr2j/ahzmRX9xSEeVolV8tzYnTf45cg6vGkdMMRdm3RPhQ==}
    engines: {node: '>=23.5.0 || ^22.13.0 || ^20.17.0'}
    peerDependencies:
      '@types/node': '>=18'
    peerDependenciesMeta:
      '@types/node':
        optional: true

  '@inquirer/select@5.2.2':
    resolution: {integrity: sha512-RkI8dRHWt+bh04oLixvF1kFzKC7e5rqJoHKkzcqSHATebBXFC6GmrT8ddbVkgSzLV0HnHs2cPFuBINr8otij8Q==}
    engines: {node: '>=23.5.0 || ^22.13.0 || ^20.17.0'}
    peerDependencies:
      '@types/node': '>=18'
    peerDependenciesMeta:
      '@types/node':
        optional: true

  '@inquirer/type@4.0.7':
    resolution: {integrity: sha512-t28inv14nMQ1PhKpsJPY+kEs/c00qzeCOS2gTNRyTjG5d6qsVA2fItxW4hkvGZ5lvanGLdtCzVIx5dwdRpN1+g==}
    engines: {node: '>=23.5.0 || ^22.13.0 || ^20.17.0'}
    peerDependencies:
      '@types/node': '>=18'
    peerDependenciesMeta:
      '@types/node':
        optional: true

  '@sec-ant/readable-stream@0.4.1':
    resolution: {integrity: sha512-831qok9r2t8AlxLko40y2ebgSDhenenCatLVeW/uBtnHPyhHOvG0C7TvfgecV+wHzIm5KUICgzmVpWS+IMEAeg==}

  '@sindresorhus/merge-streams@4.0.0':
    resolution: {integrity: sha512-tlqY9xq5ukxTUZBmoOp+m61cqwQD5pHJtFY3Mn8CA8ps6yghLH/Hw8UPdqg4OLmFW3IFlcXnQNmo/dh8HzXYIQ==}
    engines: {node: '>=18'}

  ansi-regex@5.0.1:
    resolution: {integrity: sha512-quJQXlTSUGL2LH9SUXo8VwsY4soanhgo6LNSm84E1LBcE8s3O0wpdiRzyR9z/ZZJMlMWv37qOOb9pdJlMUEKFQ==}
    engines: {node: '>=8'}

  chalk@6.0.0:
    resolution: {integrity: sha512-2uNTXIuTTxk7ciZgAU1BQcgnchcG0xXnrs6jzkQfj9SsRa9M2s5zE8WT96hS6KmG4MzWHSrvH43DF1m4XRkrFg==}
    engines: {node: '>=22'}

  chardet@2.1.1:
    resolution: {integrity: sha512-PsezH1rqdV9VvyNhxxOW32/d75r01NY7TQCmOqomRo15ZSOKbpTFVsfjghxo6JloQUCGnH4k1LGu0R4yCLlWQQ==}

  cli-progress@3.12.0:
    resolution: {integrity: sha512-tRkV3HJ1ASwm19THiiLIXLO7Im7wlTuKnvkYaTkyoAPefqjNg7W7DHKUlGRxy9vxDvbyCYQkQozvptuMkGCg8A==}
    engines: {node: '>=4'}

  cli-width@4.1.0:
    resolution: {integrity: sha512-ouuZd4/dm2Sw5Gmqy6bGyNNNe1qt9RpmxveLSO7KcgsTnU7RXfsw+/bukWGo1abgBiMAic068rclZsO4IWmmxQ==}
    engines: {node: '>= 12'}

  emoji-regex@8.0.0:
    resolution: {integrity: sha512-MSjYzcWNOA0ewAHpz0MxpYFvwg6yjy1NG3xteoqz644VCo/RPgnr1/GGt+ic3iJTzQ8Eu3TdM14SawnVUmGE6A==}

  execa@10.0.1:
    resolution: {integrity: sha512-ge98qjkRK4IB7tL7Ju/6qmm5LHoH1eEMt5FNZrz3f4UIYhF28lggX20z3FaX1sgc67msLEn0N0BscOs29iuwyw==}
    engines: {node: '>=22'}

  fast-string-truncated-width@3.0.3:
    resolution: {integrity: sha512-0jjjIEL6+0jag3l2XWWizO64/aZVtpiGE3t0Zgqxv0DPuxiMjvB3M24fCyhZUO4KomJQPj3LTSUnDP3GpdwC0g==}

  fast-string-width@3.0.2:
    resolution: {integrity: sha512-gX8LrtNEI5hq8DVUfRQMbr5lpaS4nMIWV+7XEbXk2b8kiQIizgnlr12B4dA3ZEx3308ze0O4Q1R+cHts8kyUJg==}

  fast-wrap-ansi@0.2.0:
    resolution: {integrity: sha512-rLV8JHxTyhVmFYhBJuMujcrHqOT2cnO5Zxj37qROj23CP39GXubJRBUFF0z8KFK77Uc0SukZUf7JZhsVEQ6n8w==}

  figures@6.1.0:
    resolution: {integrity: sha512-d+l3qxjSesT4V7v2fh+QnmFnUWv9lSpjarhShNTgBOfA0ttejbQUAlHLitbjkoRiDulW0OPoQPYIGhIC8ohejg==}
    engines: {node: '>=18'}

  fuzzy@0.1.3:
    resolution: {integrity: sha512-/gZffu4ykarLrCiP3Ygsa86UAo1E5vEVlvTrpkKywXSbP9Xhln3oSp9QSV57gEq3JFFpGJ4GZ+5zdEp3FcUh4w==}
    engines: {node: '>= 0.6.0'}

  get-stream@9.0.1:
    resolution: {integrity: sha512-kVCxPF3vQM/N0B1PmoqVUqgHP+EeVjmZSQn+1oCRPxd2P21P2F19lIgbR3HBosbB1PUhOAoctJnfEn2GbN2eZA==}
    engines: {node: '>=18'}

  human-signals@8.0.1:
    resolution: {integrity: sha512-eKCa6bwnJhvxj14kZk5NCPc6Hb6BdsU9DZcOnmQKSnO1VKrfV0zCvtttPZUsBvjmNDn8rpcJfpwSYnHBjc95MQ==}
    engines: {node: '>=18.18.0'}

  iconv-lite@0.7.2:
    resolution: {integrity: sha512-im9DjEDQ55s9fL4EYzOAv0yMqmMBSZp6G0VvFyTMPKWxiSBHUj9NW/qqLmXUwXrrM7AvqSlTCfvqRb0cM8yYqw==}
    engines: {node: '>=0.10.0'}

  inquirer@14.1.0:
    resolution: {integrity: sha512-UY08KP08ugc/m0XOBX+tNRl5GK5PrjesiRYM7RDMVczWC0m640GF768Dmosvm1j5OptM3Or6QXvowaJqdWzR0w==}
    engines: {node: '>=23.5.0 || ^22.13.0 || ^20.17.0'}
    peerDependencies:
      '@types/node': '>=18'
    peerDependenciesMeta:
      '@types/node':
        optional: true

  is-fullwidth-code-point@3.0.0:
    resolution: {integrity: sha512-zymm5+u+sCsSWyD9qNaejV3DFvhCKclKdizYaJUuHA83RLjb7nSuGnddCHGv0hk+KY7BMAlsWeK4Ueg6EV6XQg==}
    engines: {node: '>=8'}

  is-plain-obj@4.1.0:
    resolution: {integrity: sha512-+Pgi+vMuUNkJyExiMBt5IlFoMyKnr5zhJ4Uspz58WOhBF5QoIZkFyNHIbBAtHwzVAgk5RtndVNsDRN61/mmDqg==}
    engines: {node: '>=12'}

  is-stream@4.0.1:
    resolution: {integrity: sha512-Dnz92NInDqYckGEUJv689RbRiTSEHCQ7wOVeALbkOz999YpqT46yMRIGtSNl2iCL1waAZSx40+h59NV/EwzV/A==}
    engines: {node: '>=18'}

  is-unicode-supported@2.1.0:
    resolution: {integrity: sha512-mE00Gnza5EEB3Ds0HfMyllZzbBrmLOX3vfWoj9A9PEnTfratQ/BcaJOuMhnkhjXvb2+FkY3VuHqtAGpTPmglFQ==}
    engines: {node: '>=18'}

  mute-stream@3.0.0:
    resolution: {integrity: sha512-dkEJPVvun4FryqBmZ5KhDo0K9iDXAwn08tMLDinNdRBNPcYEDiWYysLcc6k3mjTMlbP9KyylvRpd4wFtwrT9rw==}
    engines: {node: ^20.17.0 || >=22.9.0}

  npm-run-path@6.0.0:
    resolution: {integrity: sha512-9qny7Z9DsQU8Ou39ERsPU4OZQlSTP47ShQzuKZ6PRXpYLtIFgl/DEBYEXKlvcEa+9tHVcK8CF81Y2V72qaZhWA==}
    engines: {node: '>=18'}

  parse-ms@4.0.0:
    resolution: {integrity: sha512-TXfryirbmq34y8QBwgqCVLi+8oA3oWx2eAnSn62ITyEhEYaWRlVZ2DvMM9eZbMs/RfxPu/PK/aBLyGj4IrqMHw==}
    engines: {node: '>=18'}

  path-key@4.0.0:
    resolution: {integrity: sha512-haREypq7xkM7ErfgIyA0z+Bj4AGKlMSdlQE2jvJo6huWD1EdkKYV+G/T4nq0YEF2vgTT8kqMFKo1uHn950r4SQ==}
    engines: {node: '>=12'}

  pretty-ms@9.3.0:
    resolution: {integrity: sha512-gjVS5hOP+M3wMm5nmNOucbIrqudzs9v/57bWRHQWLYklXqoXKrVfYW2W9+glfGsqtPgpiz5WwyEEB+ksXIx3gQ==}
    engines: {node: '>=18'}

  run-async@4.0.6:
    resolution: {integrity: sha512-IoDlSLTs3Yq593mb3ZoKWKXMNu3UpObxhgA/Xuid5p4bbfi2jdY1Hj0m1K+0/tEuQTxIGMhQDqGjKb7RuxGpAQ==}
    engines: {node: '>=0.12.0'}

  safer-buffer@2.1.2:
    resolution: {integrity: sha512-YZo3K82SD7Riyi0E1EQPojLz7kpepnSQI9IyPbHHg1XXXevb5dJI7tpyN2ADxGcQbHG7vcyRHk0cbwqcQriUtg==}

  signal-exit@4.1.0:
    resolution: {integrity: sha512-bzyZ1e88w9O1iNJbKnOlvYTrWPDl46O1bG0D3XInv+9tkPrxrN8jUUTiFlDkkmKWgn1M6CfIA13SuGqOa9Korw==}
    engines: {node: '>=14'}

  string-width@4.2.3:
    resolution: {integrity: sha512-wKyQRQpjJ0sIp62ErSZdGsjMJWsap5oRNihHhu6G7JVO/9jIB6UyevL+tXuOqrng8j/cxKTWyWUwvSTriiZz/g==}
    engines: {node: '>=8'}

  strip-ansi@6.0.1:
    resolution: {integrity: sha512-Y38VPSHcqkFrCpFnQ9vuSXmquuv5oXOKpGeT6aGrr3o3Gc9AlVa6JBfUSOCnbxGGZF+/0ooI7KrPuUSztUdU5A==}
    engines: {node: '>=8'}

  strip-final-newline@4.0.0:
    resolution: {integrity: sha512-aulFJcD6YK8V1G7iRB5tigAP4TsHBZZrOV8pjV++zdUwmeV8uzbY7yn6h9MswN62adStNZFuCIx4haBnRuMDaw==}
    engines: {node: '>=18'}

  unicorn-magic@0.3.0:
    resolution: {integrity: sha512-+QBBXBCvifc56fsbuxZQ6Sic3wqqc3WWaqxs58gvJrcOuN83HGTCwz3oS5phzU9LthRNE9VrJCFCLUgHeeFnfA==}
    engines: {node: '>=18'}

  which-command@0.1.0:
    resolution: {integrity: sha512-XZyoF5/5hZtXitIwzrU4NKK+Wtbb9aB9CezUEw2Q0wlYK8NUYQxC1rRXgNueYLtBAJwXIb+/tFVk4dozciNJMA==}
    engines: {node: '>=22'}
    hasBin: true

  yoctocolors@2.1.2:
    resolution: {integrity: sha512-CzhO+pFNo8ajLM2d2IW/R93ipy99LWjtwblvC1RsoSUMZgyLbYFr221TnSNT7GjGdYui6P459mw9JH/g/zW2ug==}
    engines: {node: '>=18'}

snapshots:

  '@inquirer/ansi@2.0.7': {}

  '@inquirer/checkbox@5.2.2':
    dependencies:
      '@inquirer/ansi': 2.0.7
      '@inquirer/core': 12.0.0
      '@inquirer/figures': 2.0.8
      '@inquirer/type': 4.0.7

  '@inquirer/confirm@6.2.0':
    dependencies:
      '@inquirer/core': 12.0.0
      '@inquirer/type': 4.0.7

  '@inquirer/core@12.0.0':
    dependencies:
      '@inquirer/ansi': 2.0.7
      '@inquirer/figures': 2.0.8
      '@inquirer/type': 4.0.7
      cli-width: 4.1.0
      fast-wrap-ansi: 0.2.0
      mute-stream: 3.0.0
      signal-exit: 4.1.0

  '@inquirer/editor@5.3.0':
    dependencies:
      '@inquirer/core': 12.0.0
      '@inquirer/external-editor': 3.0.4
      '@inquirer/type': 4.0.7

  '@inquirer/expand@5.1.2':
    dependencies:
      '@inquirer/core': 12.0.0
      '@inquirer/type': 4.0.7

  '@inquirer/external-editor@3.0.4':
    dependencies:
      chardet: 2.1.1
      iconv-lite: 0.7.2

  '@inquirer/figures@2.0.8': {}

  '@inquirer/input@5.1.3':
    dependencies:
      '@inquirer/core': 12.0.0
      '@inquirer/type': 4.0.7

  '@inquirer/number@4.2.0':
    dependencies:
      '@inquirer/core': 12.0.0
      '@inquirer/type': 4.0.7

  '@inquirer/password@5.1.2':
    dependencies:
      '@inquirer/ansi': 2.0.7
      '@inquirer/core': 12.0.0
      '@inquirer/type': 4.0.7

  '@inquirer/prompts@8.6.0':
    dependencies:
      '@inquirer/checkbox': 5.2.2
      '@inquirer/confirm': 6.2.0
      '@inquirer/editor': 5.3.0
      '@inquirer/expand': 5.1.2
      '@inquirer/input': 5.1.3
      '@inquirer/number': 4.2.0
      '@inquirer/password': 5.1.2
      '@inquirer/rawlist': 5.3.2
      '@inquirer/search': 4.3.0
      '@inquirer/select': 5.2.2

  '@inquirer/rawlist@5.3.2':
    dependencies:
      '@inquirer/core': 12.0.0
      '@inquirer/type': 4.0.7

  '@inquirer/search@4.3.0':
    dependencies:
      '@inquirer/core': 12.0.0
      '@inquirer/figures': 2.0.8
      '@inquirer/type': 4.0.7

  '@inquirer/select@5.2.2':
    dependencies:
      '@inquirer/ansi': 2.0.7
      '@inquirer/core': 12.0.0
      '@inquirer/figures': 2.0.8
      '@inquirer/type': 4.0.7

  '@inquirer/type@4.0.7': {}

  '@sec-ant/readable-stream@0.4.1': {}

  '@sindresorhus/merge-streams@4.0.0': {}

  ansi-regex@5.0.1: {}

  chalk@6.0.0: {}

  chardet@2.1.1: {}

  cli-progress@3.12.0:
    dependencies:
      string-width: 4.2.3

  cli-width@4.1.0: {}

  emoji-regex@8.0.0: {}

  execa@10.0.1:
    dependencies:
      '@sindresorhus/merge-streams': 4.0.0
      figures: 6.1.0
      get-stream: 9.0.1
      human-signals: 8.0.1
      is-plain-obj: 4.1.0
      is-stream: 4.0.1
      npm-run-path: 6.0.0
      pretty-ms: 9.3.0
      signal-exit: 4.1.0
      strip-final-newline: 4.0.0
      which-command: 0.1.0
      yoctocolors: 2.1.2

  fast-string-truncated-width@3.0.3: {}

  fast-string-width@3.0.2:
    dependencies:
      fast-string-truncated-width: 3.0.3

  fast-wrap-ansi@0.2.0:
    dependencies:
      fast-string-width: 3.0.2

  figures@6.1.0:
    dependencies:
      is-unicode-supported: 2.1.0

  fuzzy@0.1.3: {}

  get-stream@9.0.1:
    dependencies:
      '@sec-ant/readable-stream': 0.4.1
      is-stream: 4.0.1

  human-signals@8.0.1: {}

  iconv-lite@0.7.2:
    dependencies:
      safer-buffer: 2.1.2

  inquirer@14.1.0:
    dependencies:
      '@inquirer/ansi': 2.0.7
      '@inquirer/core': 12.0.0
      '@inquirer/prompts': 8.6.0
      '@inquirer/type': 4.0.7
      mute-stream: 3.0.0
      run-async: 4.0.6

  is-fullwidth-code-point@3.0.0: {}

  is-plain-obj@4.1.0: {}

  is-stream@4.0.1: {}

  is-unicode-supported@2.1.0: {}

  mute-stream@3.0.0: {}

  npm-run-path@6.0.0:
    dependencies:
      path-key: 4.0.0
      unicorn-magic: 0.3.0

  parse-ms@4.0.0: {}

  path-key@4.0.0: {}

  pretty-ms@9.3.0:
    dependencies:
      parse-ms: 4.0.0

  run-async@4.0.6: {}

  safer-buffer@2.1.2: {}

  signal-exit@4.1.0: {}

  string-width@4.2.3:
    dependencies:
      emoji-regex: 8.0.0
      is-fullwidth-code-point: 3.0.0
      strip-ansi: 6.0.1

  strip-ansi@6.0.1:
    dependencies:
      ansi-regex: 5.0.1

  strip-final-newline@4.0.0: {}

  unicorn-magic@0.3.0: {}

  which-command@0.1.0: {}

  yoctocolors@2.1.2: {}
